
Microsoft Visual Studio Solution File, Format Version 12.00
# Visual Studio Version 16
VisualStudioVersion = 16.0.31702.278
MinimumVisualStudioVersion = 10.0.40219.1
Project("{FAE04EC0-301F-11D3-BF4B-00C04F79EFBC}") = "SakkFeladat", "SakkFeladat\SakkFeladat.csproj", "{89BCE6EA-54BC-474F-80EB-C1F53CA1EE2A}"
EndProject
Global
	GlobalSection(SolutionConfigurationPlatforms) = preSolution
		Debug|Any CPU = Debug|Any CPU
		Release|Any CPU = Release|Any CPU
	EndGlobalSection
	GlobalSection(ProjectConfigurationPlatforms) = postSolution
		{89BCE6EA-54BC-474F-80EB-C1F53CA1EE2A}.Debug|Any CPU.ActiveCfg = Debug|Any CPU
		{89BCE6EA-54BC-474F-80EB-C1F53CA1EE2A}.Debug|Any CPU.Build.0 = Debug|Any CPU
		{89BCE6EA-54BC-474F-80EB-C1F53CA1EE2A}.Release|Any CPU.ActiveCfg = Release|Any CPU
		{89BCE6EA-54BC-474F-80EB-C1F53CA1EE2A}.Release|Any CPU.Build.0 = Release|Any CPU
	EndGlobalSection
	GlobalSection(SolutionProperties) = preSolution
		HideSolutionNode = FALSE
	EndGlobalSection
	GlobalSection(ExtensibilityGlobals) = postSolution
		SolutionGuid = {BEFCE413-6305-4B0C-801F-C4B0A6281D3D}
	EndGlobalSection
EndGlobal
